// !$*UTF8*$!
{
	archiveVersion = 1;
	classes = {
	};
	objectVersion = 56;
	objects = {

/* Begin PBXBuildFile section */
		D8B2AA942C19D81100B34272 /* AppDelegate.swift in Sources */ = {isa = PBXBuildFile; fileRef = D8B2AA932C19D81100B34272 /* AppDelegate.swift */; };
		D8B2AA962C19D81100B34272 /* SceneDelegate.swift in Sources */ = {isa = PBXBuildFile; fileRef = D8B2AA952C19D81100B34272 /* SceneDelegate.swift */; };
		D8B2AA982C19D81100B34272 /* ViewController.swift in Sources */ = {isa = PBXBuildFile; fileRef = D8B2AA972C19D81100B34272 /* ViewController.swift */; };
		D8B2AA9B2C19D81100B34272 /* Base in Resources */ = {isa = PBXBuildFile; fileRef = D8B2AA9A2C19D81100B34272 /* Base */; };
		D8B2AA9D2C19D81500B34272 /* Assets.xcassets in Resources */ = {isa = PBXBuildFile; fileRef = D8B2AA9C2C19D81500B34272 /* Assets.xcassets */; };
		D8B2AAA02C19D81600B34272 /* Base in Resources */ = {isa = PBXBuildFile; fileRef = D8B2AA9F2C19D81600B34272 /* Base */; };
		D8B2AAA82C19E09500B34272 /* SDKAPIKey.swift in Sources */ = {isa = PBXBuildFile; fileRef = D8B2AAA72C19E09500B34272 /* SDKAPIKey.swift */; };
		D8B2AAAB2C19E46200B34272 /* KakaoMapsSDK-SPM in Frameworks */ = {isa = PBXBuildFile; productRef = D8B2AAAA2C19E46200B34272 /* KakaoMapsSDK-SPM */; };
		D8B2AAAD2C19EC3B00B34272 /* LocationData.swift in Sources */ = {isa = PBXBuildFile; fileRef = D8B2AAAC2C19EC3B00B34272 /* LocationData.swift */; };
		D8B2AAB02C19ECBC00B34272 /* KLDocument.swift in Sources */ = {isa = PBXBuildFile; fileRef = D8B2AAAF2C19ECBC00B34272 /* KLDocument.swift */; };
		D8B2AAB22C1A226900B34272 /* DetailListCellData.swift in Sources */ = {isa = PBXBuildFile; fileRef = D8B2AAB12C1A226900B34272 /* DetailListCellData.swift */; };
/* End PBXBuildFile section */

/* Begin PBXFileReference section */
		D8B2AA902C19D81100B34272 /* FaAd01FindCVS.app */ = {isa = PBXFileReference; explicitFileType = wrapper.application; includeInIndex = 0; path = FaAd01FindCVS.app; sourceTree = BUILT_PRODUCTS_DIR; };
		D8B2AA932C19D81100B34272 /* AppDelegate.swift */ = {isa = PBXFileReference; lastKnownFileType = sourcecode.swift; path = AppDelegate.swift; sourceTree = "<group>"; };
		D8B2AA952C19D81100B34272 /* SceneDelegate.swift */ = {isa = PBXFileReference; lastKnownFileType = sourcecode.swift; path = SceneDelegate.swift; sourceTree = "<group>"; };
		D8B2AA972C19D81100B34272 /* ViewController.swift */ = {isa = PBXFileReference; lastKnownFileType = sourcecode.swift; path = ViewController.swift; sourceTree = "<group>"; };
		D8B2AA9A2C19D81100B34272 /* Base */ = {isa = PBXFileReference; lastKnownFileType = file.storyboard; name = Base; path = Base.lproj/Main.storyboard; sourceTree = "<group>"; };
		D8B2AA9C2C19D81500B34272 /* Assets.xcassets */ = {isa = PBXFileReference; lastKnownFileType = folder.assetcatalog; path = Assets.xcassets; sourceTree = "<group>"; };
		D8B2AA9F2C19D81600B34272 /* Base */ = {isa = PBXFileReference; lastKnownFileType = file.storyboard; name = Base; path = Base.lproj/LaunchScreen.storyboard; sourceTree = "<group>"; };
		D8B2AAA12C19D81600B34272 /* Info.plist */ = {isa = PBXFileReference; lastKnownFileType = text.plist.xml; path = Info.plist; sourceTree = "<group>"; };
		D8B2AAA72C19E09500B34272 /* SDKAPIKey.swift */ = {isa = PBXFileReference; lastKnownFileType = sourcecode.swift; path = SDKAPIKey.swift; sourceTree = "<group>"; };
		D8B2AAAC2C19EC3B00B34272 /* LocationData.swift */ = {isa = PBXFileReference; lastKnownFileType = sourcecode.swift; path = LocationData.swift; sourceTree = "<group>"; };
		D8B2AAAF2C19ECBC00B34272 /* KLDocument.swift */ = {isa = PBXFileReference; lastKnownFileType = sourcecode.swift; path = KLDocument.swift; sourceTree = "<group>"; };
		D8B2AAB12C1A226900B34272 /* DetailListCellData.swift */ = {isa = PBXFileReference; lastKnownFileType = sourcecode.swift; path = DetailListCellData.swift; sourceTree = "<group>"; };
/* End PBXFileReference section */

/* Begin PBXFrameworksBuildPhase section */
		D8B2AA8D2C19D81100B34272 /* Frameworks */ = {
			isa = PBXFrameworksBuildPhase;
			buildActionMask = 2147483647;
			files = (
				D8B2AAAB2C19E46200B34272 /* KakaoMapsSDK-SPM in Frameworks */,
			);
			runOnlyForDeploymentPostprocessing = 0;
		};
/* End PBXFrameworksBuildPhase section */

/* Begin PBXGroup section */
		D8B2AA872C19D81100B34272 = {
			isa = PBXGroup;
			children = (
				D8B2AA922C19D81100B34272 /* FaAd01FindCVS */,
				D8B2AA912C19D81100B34272 /* Products */,
			);
			sourceTree = "<group>";
		};
		D8B2AA912C19D81100B34272 /* Products */ = {
			isa = PBXGroup;
			children = (
				D8B2AA902C19D81100B34272 /* FaAd01FindCVS.app */,
			);
			name = Products;
			sourceTree = "<group>";
		};
		D8B2AA922C19D81100B34272 /* FaAd01FindCVS */ = {
			isa = PBXGroup;
			children = (
				D8B2AA932C19D81100B34272 /* AppDelegate.swift */,
				D8B2AA952C19D81100B34272 /* SceneDelegate.swift */,
				D8B2AA972C19D81100B34272 /* ViewController.swift */,
				D8B2AAAE2C19EC4C00B34272 /* Entities */,
				D8B2AA992C19D81100B34272 /* Main.storyboard */,
				D8B2AA9C2C19D81500B34272 /* Assets.xcassets */,
				D8B2AA9E2C19D81500B34272 /* LaunchScreen.storyboard */,
				D8B2AAA12C19D81600B34272 /* Info.plist */,
				D8B2AAA72C19E09500B34272 /* SDKAPIKey.swift */,
			);
			path = FaAd01FindCVS;
			sourceTree = "<group>";
		};
		D8B2AAAE2C19EC4C00B34272 /* Entities */ = {
			isa = PBXGroup;
			children = (
				D8B2AAAC2C19EC3B00B34272 /* LocationData.swift */,
				D8B2AAAF2C19ECBC00B34272 /* KLDocument.swift */,
				D8B2AAB12C1A226900B34272 /* DetailListCellData.swift */,
			);
			path = Entities;
			sourceTree = "<group>";
		};
/* End PBXGroup section */

/* Begin PBXNativeTarget section */
		D8B2AA8F2C19D81100B34272 /* FaAd01FindCVS */ = {
			isa = PBXNativeTarget;
			buildConfigurationList = D8B2AAA42C19D81600B34272 /* Build configuration list for PBXNativeTarget "FaAd01FindCVS" */;
			buildPhases = (
				D8B2AA8C2C19D81100B34272 /* Sources */,
				D8B2AA8D2C19D81100B34272 /* Frameworks */,
				D8B2AA8E2C19D81100B34272 /* Resources */,
			);
			buildRules = (
			);
			dependencies = (
			);
			name = FaAd01FindCVS;
			packageProductDependencies = (
				D8B2AAAA2C19E46200B34272 /* KakaoMapsSDK-SPM */,
			);
			productName = FaAd01FindCVS;
			productReference = D8B2AA902C19D81100B34272 /* FaAd01FindCVS.app */;
			productType = "com.apple.product-type.application";
		};
/* End PBXNativeTarget section */

/* Begin PBXProject section */
		D8B2AA882C19D81100B34272 /* Project object */ = {
			isa = PBXProject;
			attributes = {
				BuildIndependentTargetsInParallel = 1;
				LastSwiftUpdateCheck = 1530;
				LastUpgradeCheck = 1530;
				TargetAttributes = {
					D8B2AA8F2C19D81100B34272 = {
						CreatedOnToolsVersion = 15.3;
					};
				};
			};
			buildConfigurationList = D8B2AA8B2C19D81100B34272 /* Build configuration list for PBXProject "FaAd01FindCVS" */;
			compatibilityVersion = "Xcode 14.0";
			developmentRegion = en;
			hasScannedForEncodings = 0;
			knownRegions = (
				en,
				Base,
			);
			mainGroup = D8B2AA872C19D81100B34272;
			packageReferences = (
				D8B2AAA92C19E46200B34272 /* XCRemoteSwiftPackageReference "KakaoMapsSDK-SPM" */,
			);
			productRefGroup = D8B2AA912C19D81100B34272 /* Products */;
			projectDirPath = "";
			projectRoot = "";
			targets = (
				D8B2AA8F2C19D81100B34272 /* FaAd01FindCVS */,
			);
		};
/* End PBXProject section */

/* Begin PBXResourcesBuildPhase section */
		D8B2AA8E2C19D81100B34272 /* Resources */ = {
			isa = PBXResourcesBuildPhase;
			buildActionMask = 2147483647;
			files = (
				D8B2AA9D2C19D81500B34272 /* Assets.xcassets in Resources */,
				D8B2AAA02C19D81600B34272 /* Base in Resources */,
				D8B2AA9B2C19D81100B34272 /* Base in Resources */,
			);
			runOnlyForDeploymentPostprocessing = 0;
		};
/* End PBXResourcesBuildPhase section */

/* Begin PBXSourcesBuildPhase section */
		D8B2AA8C2C19D81100B34272 /* Sources */ = {
			isa = PBXSourcesBuildPhase;
			buildActionMask = 2147483647;
			files = (
				D8B2AA982C19D81100B34272 /* ViewController.swift in Sources */,
				D8B2AAB22C1A226900B34272 /* DetailListCellData.swift in Sources */,
				D8B2AA942C19D81100B34272 /* AppDelegate.swift in Sources */,
				D8B2AA962C19D81100B34272 /* SceneDelegate.swift in Sources */,
				D8B2AAA82C19E09500B34272 /* SDKAPIKey.swift in Sources */,
				D8B2AAAD2C19EC3B00B34272 /* LocationData.swift in Sources */,
				D8B2AAB02C19ECBC00B34272 /* KLDocument.swift in Sources */,
			);
			runOnlyForDeploymentPostprocessing = 0;
		};
/* End PBXSourcesBuildPhase section */

/* Begin PBXVariantGroup section */
		D8B2AA992C19D81100B34272 /* Main.storyboard */ = {
			isa = PBXVariantGroup;
			children = (
				D8B2AA9A2C19D81100B34272 /* Base */,
			);
			name = Main.storyboard;
			sourceTree = "<group>";
		};
		D8B2AA9E2C19D81500B34272 /* LaunchScreen.storyboard */ = {
			isa = PBXVariantGroup;
			children = (
				D8B2AA9F2C19D81600B34272 /* Base */,
			);
			name = LaunchScreen.storyboard;
			sourceTree = "<group>";
		};
/* End PBXVariantGroup section */

/* Begin XCBuildConfiguration section */
		D8B2AAA22C19D81600B34272 /* Debug */ = {
			isa = XCBuildConfiguration;
			buildSettings = {
				ALWAYS_SEARCH_USER_PATHS = NO;
				ASSETCATALOG_COMPILER_GENERATE_SWIFT_ASSET_SYMBOL_EXTENSIONS = YES;
				CLANG_ANALYZER_NONNULL = YES;
				CLANG_ANALYZER_NUMBER_OBJECT_CONVERSION = YES_AGGRESSIVE;
				CLANG_CXX_LANGUAGE_STANDARD = "gnu++20";
				CLANG_ENABLE_MODULES = YES;
				CLANG_ENABLE_OBJC_ARC = YES;
				CLANG_ENABLE_OBJC_WEAK = YES;
				CLANG_WARN_BLOCK_CAPTURE_AUTORELEASING = YES;
				CLANG_WARN_BOOL_CONVERSION = YES;
				CLANG_WARN_COMMA = YES;
				CLANG_WARN_CONSTANT_CONVERSION = YES;
				CLANG_WARN_DEPRECATED_OBJC_IMPLEMENTATIONS = YES;
				CLANG_WARN_DIRECT_OBJC_ISA_USAGE = YES_ERROR;
				CLANG_WARN_DOCUMENTATION_COMMENTS = YES;
				CLANG_WARN_EMPTY_BODY = YES;
				CLANG_WARN_ENUM_CONVERSION = YES;
				CLANG_WARN_INFINITE_RECURSION = YES;
				CLANG_WARN_INT_CONVERSION = YES;
				CLANG_WARN_NON_LITERAL_NULL_CONVERSION = YES;
				CLANG_WARN_OBJC_IMPLICIT_RETAIN_SELF = YES;
				CLANG_WARN_OBJC_LITERAL_CONVERSION = YES;
				CLANG_WARN_OBJC_ROOT_CLASS = YES_ERROR;
				CLANG_WARN_QUOTED_INCLUDE_IN_FRAMEWORK_HEADER = YES;
				CLANG_WARN_RANGE_LOOP_ANALYSIS = YES;
				CLANG_WARN_STRICT_PROTOTYPES = YES;
				CLANG_WARN_SUSPICIOUS_MOVE = YES;
				CLANG_WARN_UNGUARDED_AVAILABILITY = YES_AGGRESSIVE;
				CLANG_WARN_UNREACHABLE_CODE = YES;
				CLANG_WARN__DUPLICATE_METHOD_MATCH = YES;
				COPY_PHASE_STRIP = NO;
				DEBUG_INFORMATION_FORMAT = dwarf;
				ENABLE_STRICT_OBJC_MSGSEND = YES;
				ENABLE_TESTABILITY = YES;
				ENABLE_USER_SCRIPT_SANDBOXING = YES;
				GCC_C_LANGUAGE_STANDARD = gnu17;
				GCC_DYNAMIC_NO_PIC = NO;
				GCC_NO_COMMON_BLOCKS = YES;
				GCC_OPTIMIZATION_LEVEL = 0;
				GCC_PREPROCESSOR_DEFINITIONS = (
					"DEBUG=1",
					"$(inherited)",
				);
				GCC_WARN_64_TO_32_BIT_CONVERSION = YES;
				GCC_WARN_ABOUT_RETURN_TYPE = YES_ERROR;
				GCC_WARN_UNDECLARED_SELECTOR = YES;
				GCC_WARN_UNINITIALIZED_AUTOS = YES_AGGRESSIVE;
				GCC_WARN_UNUSED_FUNCTION = YES;
				GCC_WARN_UNUSED_VARIABLE = YES;
				IPHONEOS_DEPLOYMENT_TARGET = 17.4;
				LOCALIZATION_PREFERS_STRING_CATALOGS = YES;
				MTL_ENABLE_DEBUG_INFO = INCLUDE_SOURCE;
				MTL_FAST_MATH = YES;
				ONLY_ACTIVE_ARCH = YES;
				SDKROOT = iphoneos;
				SWIFT_ACTIVE_COMPILATION_CONDITIONS = "DEBUG $(inherited)";
				SWIFT_OPTIMIZATION_LEVEL = "-Onone";
			};
			name = Debug;
		};
		D8B2AAA32C19D81600B34272 /* Release */ = {
			isa = XCBuildConfiguration;
			buildSettings = {
				ALWAYS_SEARCH_USER_PATHS = NO;
				ASSETCATALOG_COMPILER_GENERATE_SWIFT_ASSET_SYMBOL_EXTENSIONS = YES;
				CLANG_ANALYZER_NONNULL = YES;
				CLANG_ANALYZER_NUMBER_OBJECT_CONVERSION = YES_AGGRESSIVE;
				CLANG_CXX_LANGUAGE_STANDARD = "gnu++20";
				CLANG_ENABLE_MODULES = YES;
				CLANG_ENABLE_OBJC_ARC = YES;
				CLANG_ENABLE_OBJC_WEAK = YES;
				CLANG_WARN_BLOCK_CAPTURE_AUTORELEASING = YES;
				CLANG_WARN_BOOL_CONVERSION = YES;
				CLANG_WARN_COMMA = YES;
				CLANG_WARN_CONSTANT_CONVERSION = YES;
				CLANG_WARN_DEPRECATED_OBJC_IMPLEMENTATIONS = YES;
				CLANG_WARN_DIRECT_OBJC_ISA_USAGE = YES_ERROR;
				CLANG_WARN_DOCUMENTATION_COMMENTS = YES;
				CLANG_WARN_EMPTY_BODY = YES;
				CLANG_WARN_ENUM_CONVERSION = YES;
				CLANG_WARN_INFINITE_RECURSION = YES;
				CLANG_WARN_INT_CONVERSION = YES;
				CLANG_WARN_NON_LITERAL_NULL_CONVERSION = YES;
				CLANG_WARN_OBJC_IMPLICIT_RETAIN_SELF = YES;
				CLANG_WARN_OBJC_LITERAL_CONVERSION = YES;
				CLANG_WARN_OBJC_ROOT_CLASS = YES_ERROR;
				CLANG_WARN_QUOTED_INCLUDE_IN_FRAMEWORK_HEADER = YES;
				CLANG_WARN_RANGE_LOOP_ANALYSIS = YES;
				CLANG_WARN_STRICT_PROTOTYPES = YES;
				CLANG_WARN_SUSPICIOUS_MOVE = YES;
				CLANG_WARN_UNGUARDED_AVAILABILITY = YES_AGGRESSIVE;
				CLANG_WARN_UNREACHABLE_CODE = YES;
				CLANG_WARN__DUPLICATE_METHOD_MATCH = YES;
				COPY_PHASE_STRIP = NO;
				DEBUG_INFORMATION_FORMAT = "dwarf-with-dsym";
				ENABLE_NS_ASSERTIONS = NO;
				ENABLE_STRICT_OBJC_MSGSEND = YES;
				ENABLE_USER_SCRIPT_SANDBOXING = YES;
				GCC_C_LANGUAGE_STANDARD = gnu17;
				GCC_NO_COMMON_BLOCKS = YES;
				GCC_WARN_64_TO_32_BIT_CONVERSION = YES;
				GCC_WARN_ABOUT_RETURN_TYPE = YES_ERROR;
				GCC_WARN_UNDECLARED_SELECTOR = YES;
				GCC_WARN_UNINITIALIZED_AUTOS = YES_AGGRESSIVE;
				GCC_WARN_UNUSED_FUNCTION = YES;
				GCC_WARN_UNUSED_VARIABLE = YES;
				IPHONEOS_DEPLOYMENT_TARGET = 17.4;
				LOCALIZATION_PREFERS_STRING_CATALOGS = YES;
				MTL_ENABLE_DEBUG_INFO = NO;
				MTL_FAST_MATH = YES;
				SDKROOT = iphoneos;
				SWIFT_COMPILATION_MODE = wholemodule;
				VALIDATE_PRODUCT = YES;
			};
			name = Release;
		};
		D8B2AAA52C19D81600B34272 /* Debug */ = {
			isa = XCBuildConfiguration;
			buildSettings = {
				ASSETCATALOG_COMPILER_APPICON_NAME = AppIcon;
				ASSETCATALOG_COMPILER_GLOBAL_ACCENT_COLOR_NAME = AccentColor;
				CODE_SIGN_STYLE = Automatic;
				CURRENT_PROJECT_VERSION = 1;
				GENERATE_INFOPLIST_FILE = YES;
				INFOPLIST_FILE = FaAd01FindCVS/Info.plist;
				INFOPLIST_KEY_UIApplicationSupportsIndirectInputEvents = YES;
				INFOPLIST_KEY_UILaunchStoryboardName = LaunchScreen;
				INFOPLIST_KEY_UIMainStoryboardFile = Main;
				INFOPLIST_KEY_UISupportedInterfaceOrientations_iPad = "UIInterfaceOrientationPortrait UIInterfaceOrientationPortraitUpsideDown UIInterfaceOrientationLandscapeLeft UIInterfaceOrientationLandscapeRight";
				INFOPLIST_KEY_UISupportedInterfaceOrientations_iPhone = "UIInterfaceOrientationPortrait UIInterfaceOrientationLandscapeLeft UIInterfaceOrientationLandscapeRight";
				LD_RUNPATH_SEARCH_PATHS = (
					"$(inherited)",
					"@executable_path/Frameworks",
				);
				MARKETING_VERSION = 1.0;
				PRODUCT_BUNDLE_IDENTIFIER = com.joe3524.FaAd01FindCVS;
				PRODUCT_NAME = "$(TARGET_NAME)";
				SWIFT_EMIT_LOC_STRINGS = YES;
				SWIFT_VERSION = 5.0;
				TARGETED_DEVICE_FAMILY = "1,2";
			};
			name = Debug;
		};
		D8B2AAA62C19D81600B34272 /* Release */ = {
			isa = XCBuildConfiguration;
			buildSettings = {
				ASSETCATALOG_COMPILER_APPICON_NAME = AppIcon;
				ASSETCATALOG_COMPILER_GLOBAL_ACCENT_COLOR_NAME = AccentColor;
				CODE_SIGN_STYLE = Automatic;
				CURRENT_PROJECT_VERSION = 1;
				GENERATE_INFOPLIST_FILE = YES;
				INFOPLIST_FILE = FaAd01FindCVS/Info.plist;
				INFOPLIST_KEY_UIApplicationSupportsIndirectInputEvents = YES;
				INFOPLIST_KEY_UILaunchStoryboardName = LaunchScreen;
				INFOPLIST_KEY_UIMainStoryboardFile = Main;
				INFOPLIST_KEY_UISupportedInterfaceOrientations_iPad = "UIInterfaceOrientationPortrait UIInterfaceOrientationPortraitUpsideDown UIInterfaceOrientationLandscapeLeft UIInterfaceOrientationLandscapeRight";
				INFOPLIST_KEY_UISupportedInterfaceOrientations_iPhone = "UIInterfaceOrientationPortrait UIInterfaceOrientationLandscapeLeft UIInterfaceOrientationLandscapeRight";
				LD_RUNPATH_SEARCH_PATHS = (
					"$(inherited)",
					"@executable_path/Frameworks",
				);
				MARKETING_VERSION = 1.0;
				PRODUCT_BUNDLE_IDENTIFIER = com.joe3524.FaAd01FindCVS;
				PRODUCT_NAME = "$(TARGET_NAME)";
				SWIFT_EMIT_LOC_STRINGS = YES;
				SWIFT_VERSION = 5.0;
				TARGETED_DEVICE_FAMILY = "1,2";
			};
			name = Release;
		};
/* End XCBuildConfiguration section */

/* Begin XCConfigurationList section */
		D8B2AA8B2C19D81100B34272 /* Build configuration list for PBXProject "FaAd01FindCVS" */ = {
			isa = XCConfigurationList;
			buildConfigurations = (
				D8B2AAA22C19D81600B34272 /* Debug */,
				D8B2AAA32C19D81600B34272 /* Release */,
			);
			defaultConfigurationIsVisible = 0;
			defaultConfigurationName = Release;
		};
		D8B2AAA42C19D81600B34272 /* Build configuration list for PBXNativeTarget "FaAd01FindCVS" */ = {
			isa = XCConfigurationList;
			buildConfigurations = (
				D8B2AAA52C19D81600B34272 /* Debug */,
				D8B2AAA62C19D81600B34272 /* Release */,
			);
			defaultConfigurationIsVisible = 0;
			defaultConfigurationName = Release;
		};
/* End XCConfigurationList section */

/* Begin XCRemoteSwiftPackageReference section */
		D8B2AAA92C19E46200B34272 /* XCRemoteSwiftPackageReference "KakaoMapsSDK-SPM" */ = {
			isa = XCRemoteSwiftPackageReference;
			repositoryURL = "https://github.com/kakao-mapsSDK/KakaoMapsSDK-SPM.git";
			requirement = {
				kind = upToNextMajorVersion;
				minimumVersion = 2.10.5;
			};
		};
/* End XCRemoteSwiftPackageReference section */

/* Begin XCSwiftPackageProductDependency section */
		D8B2AAAA2C19E46200B34272 /* KakaoMapsSDK-SPM */ = {
			isa = XCSwiftPackageProductDependency;
			package = D8B2AAA92C19E46200B34272 /* XCRemoteSwiftPackageReference "KakaoMapsSDK-SPM" */;
			productName = "KakaoMapsSDK-SPM";
		};
/* End XCSwiftPackageProductDependency section */
	};
	rootObject = D8B2AA882C19D81100B34272 /* Project object */;
}
